
Microsoft Visual Studio Solution File, Format Version 12.00
# Visual Studio Version 17
VisualStudioVersion = 17.0.31903.59
MinimumVisualStudioVersion = 10.0.40219.1
Project("{9A19103F-16F7-4668-BE54-9A1E7A4F7556}") = "API", "API\API.csproj", "{189E9CD6-0148-4220-A583-1517ED255F9E}"
EndProject
Project("{2150E333-8FDC-42A3-9474-1A3956D46DE8}") = "client", "client", "{728A292C-E8EE-4966-919B-7B0ECA6F8605}"
	ProjectSection(SolutionItems) = preProject
		client\.editorconfig = client\.editorconfig
		client\.gitignore = client\.gitignore
		client\angular.json = client\angular.json
		client\package-lock.json = client\package-lock.json
		client\package.json = client\package.json
		client\README.md = client\README.md
		client\tsconfig.app.json = client\tsconfig.app.json
		client\tsconfig.json = client\tsconfig.json
		client\tsconfig.spec.json = client\tsconfig.spec.json
	EndProjectSection
EndProject
Project("{2150E333-8FDC-42A3-9474-1A3956D46DE8}") = ".angular", ".angular", "{8046AC58-10DC-4C5D-A23D-6292FD8C276C}"
EndProject
Project("{2150E333-8FDC-42A3-9474-1A3956D46DE8}") = "cache", "cache", "{730508A0-F4E2-4389-A884-DC81D16220AF}"
EndProject
Project("{2150E333-8FDC-42A3-9474-1A3956D46DE8}") = "16.2.11", "16.2.11", "{FACCE2C9-A7E6-4BA0-A19E-AF343D27D9B2}"
EndProject
Project("{2150E333-8FDC-42A3-9474-1A3956D46DE8}") = ".vscode", ".vscode", "{A99288B5-6A94-46D0-AF09-ED14384DD0D3}"
	ProjectSection(SolutionItems) = preProject
		client\.vscode\extensions.json = client\.vscode\extensions.json
		client\.vscode\launch.json = client\.vscode\launch.json
		client\.vscode\tasks.json = client\.vscode\tasks.json
	EndProjectSection
EndProject
Project("{2150E333-8FDC-42A3-9474-1A3956D46DE8}") = "src", "src", "{96186518-BB95-4DB1-873B-8C4B0C24D25F}"
	ProjectSection(SolutionItems) = preProject
		client\src\favicon.ico = client\src\favicon.ico
		client\src\index.html = client\src\index.html
		client\src\main.ts = client\src\main.ts
		client\src\styles.css = client\src\styles.css
	EndProjectSection
EndProject
Project("{2150E333-8FDC-42A3-9474-1A3956D46DE8}") = "app", "app", "{0A0EC951-E632-45D2-8EED-11A41E99FA0B}"
	ProjectSection(SolutionItems) = preProject
		client\src\app\app-routing.module.ts = client\src\app\app-routing.module.ts
		client\src\app\app.component.css = client\src\app\app.component.css
		client\src\app\app.component.html = client\src\app\app.component.html
		client\src\app\app.component.spec.ts = client\src\app\app.component.spec.ts
		client\src\app\app.component.ts = client\src\app\app.component.ts
		client\src\app\app.module.ts = client\src\app\app.module.ts
	EndProjectSection
EndProject
Project("{2150E333-8FDC-42A3-9474-1A3956D46DE8}") = "nav", "nav", "{2D7D1E5E-8DE4-44E8-A4A9-6D31DB5C58AF}"
	ProjectSection(SolutionItems) = preProject
		client\src\app\nav\nav.component.css = client\src\app\nav\nav.component.css
		client\src\app\nav\nav.component.html = client\src\app\nav\nav.component.html
		client\src\app\nav\nav.component.ts = client\src\app\nav\nav.component.ts
	EndProjectSection
EndProject
Project("{2150E333-8FDC-42A3-9474-1A3956D46DE8}") = "_services", "_services", "{1A2FE971-6364-4D6B-AC5D-13203D12F51D}"
	ProjectSection(SolutionItems) = preProject
		client\src\app\_services\account.service.ts = client\src\app\_services\account.service.ts
	EndProjectSection
EndProject
Project("{2150E333-8FDC-42A3-9474-1A3956D46DE8}") = "_models", "_models", "{F211010A-038A-43A5-8FF4-C465AEFDF230}"
	ProjectSection(SolutionItems) = preProject
		client\src\app\_models\user.ts = client\src\app\_models\user.ts
	EndProjectSection
EndProject
Project("{2150E333-8FDC-42A3-9474-1A3956D46DE8}") = "home", "home", "{7786731C-5441-4F9F-9E30-99D0BDCF1050}"
	ProjectSection(SolutionItems) = preProject
		client\src\app\home\home.component.css = client\src\app\home\home.component.css
		client\src\app\home\home.component.html = client\src\app\home\home.component.html
		client\src\app\home\home.component.ts = client\src\app\home\home.component.ts
	EndProjectSection
EndProject
Project("{2150E333-8FDC-42A3-9474-1A3956D46DE8}") = "register", "register", "{EE25E69A-AC60-48AD-916E-0E40D2CC1633}"
	ProjectSection(SolutionItems) = preProject
		client\src\app\register\register.component.css = client\src\app\register\register.component.css
		client\src\app\register\register.component.html = client\src\app\register\register.component.html
		client\src\app\register\register.component.ts = client\src\app\register\register.component.ts
	EndProjectSection
EndProject
Project("{2150E333-8FDC-42A3-9474-1A3956D46DE8}") = "members", "members", "{85956929-C0D9-427E-8C36-ABCD032AD089}"
EndProject
Project("{2150E333-8FDC-42A3-9474-1A3956D46DE8}") = "member-list", "member-list", "{65F0F03A-6B94-48DB-AE88-26C3F8468212}"
	ProjectSection(SolutionItems) = preProject
		client\src\app\members\member-list\member-list.component.css = client\src\app\members\member-list\member-list.component.css
		client\src\app\members\member-list\member-list.component.html = client\src\app\members\member-list\member-list.component.html
		client\src\app\members\member-list\member-list.component.ts = client\src\app\members\member-list\member-list.component.ts
	EndProjectSection
EndProject
Project("{2150E333-8FDC-42A3-9474-1A3956D46DE8}") = "member-detail", "member-detail", "{5A091D4E-9A92-4C9C-861B-AAE518313251}"
	ProjectSection(SolutionItems) = preProject
		client\src\app\members\member-detail\member-detail.component.css = client\src\app\members\member-detail\member-detail.component.css
		client\src\app\members\member-detail\member-detail.component.html = client\src\app\members\member-detail\member-detail.component.html
		client\src\app\members\member-detail\member-detail.component.ts = client\src\app\members\member-detail\member-detail.component.ts
	EndProjectSection
EndProject
Project("{2150E333-8FDC-42A3-9474-1A3956D46DE8}") = "lists", "lists", "{5F01A0A1-1E1E-4A1A-A6FE-A3E3FB03413C}"
	ProjectSection(SolutionItems) = preProject
		client\src\app\lists\lists.component.css = client\src\app\lists\lists.component.css
		client\src\app\lists\lists.component.html = client\src\app\lists\lists.component.html
		client\src\app\lists\lists.component.ts = client\src\app\lists\lists.component.ts
	EndProjectSection
EndProject
Project("{2150E333-8FDC-42A3-9474-1A3956D46DE8}") = "messages", "messages", "{087EB0A6-E9FD-4CCC-B67A-14E4CBEFA27D}"
	ProjectSection(SolutionItems) = preProject
		client\src\app\messages\messages.component.css = client\src\app\messages\messages.component.css
		client\src\app\messages\messages.component.html = client\src\app\messages\messages.component.html
		client\src\app\messages\messages.component.ts = client\src\app\messages\messages.component.ts
	EndProjectSection
EndProject
Project("{2150E333-8FDC-42A3-9474-1A3956D46DE8}") = "_guards", "_guards", "{FFE86B0B-A5DF-4A6B-953B-FA4D94FAFBC8}"
	ProjectSection(SolutionItems) = preProject
		client\src\app\_guards\auth.guard.ts = client\src\app\_guards\auth.guard.ts
	EndProjectSection
EndProject
Project("{2150E333-8FDC-42A3-9474-1A3956D46DE8}") = "_modules", "_modules", "{0158F94A-6750-418A-8FB1-A90C24F69C2F}"
	ProjectSection(SolutionItems) = preProject
		client\src\app\_modules\shared.module.ts = client\src\app\_modules\shared.module.ts
	EndProjectSection
EndProject
Global
	GlobalSection(SolutionConfigurationPlatforms) = preSolution
		Debug|Any CPU = Debug|Any CPU
		Release|Any CPU = Release|Any CPU
	EndGlobalSection
	GlobalSection(ProjectConfigurationPlatforms) = postSolution
		{189E9CD6-0148-4220-A583-1517ED255F9E}.Debug|Any CPU.ActiveCfg = Debug|Any CPU
		{189E9CD6-0148-4220-A583-1517ED255F9E}.Debug|Any CPU.Build.0 = Debug|Any CPU
		{189E9CD6-0148-4220-A583-1517ED255F9E}.Release|Any CPU.ActiveCfg = Release|Any CPU
		{189E9CD6-0148-4220-A583-1517ED255F9E}.Release|Any CPU.Build.0 = Release|Any CPU
	EndGlobalSection
	GlobalSection(SolutionProperties) = preSolution
		HideSolutionNode = FALSE
	EndGlobalSection
	GlobalSection(NestedProjects) = preSolution
		{8046AC58-10DC-4C5D-A23D-6292FD8C276C} = {728A292C-E8EE-4966-919B-7B0ECA6F8605}
		{730508A0-F4E2-4389-A884-DC81D16220AF} = {8046AC58-10DC-4C5D-A23D-6292FD8C276C}
		{FACCE2C9-A7E6-4BA0-A19E-AF343D27D9B2} = {730508A0-F4E2-4389-A884-DC81D16220AF}
		{A99288B5-6A94-46D0-AF09-ED14384DD0D3} = {728A292C-E8EE-4966-919B-7B0ECA6F8605}
		{96186518-BB95-4DB1-873B-8C4B0C24D25F} = {728A292C-E8EE-4966-919B-7B0ECA6F8605}
		{0A0EC951-E632-45D2-8EED-11A41E99FA0B} = {96186518-BB95-4DB1-873B-8C4B0C24D25F}
		{2D7D1E5E-8DE4-44E8-A4A9-6D31DB5C58AF} = {0A0EC951-E632-45D2-8EED-11A41E99FA0B}
		{1A2FE971-6364-4D6B-AC5D-13203D12F51D} = {0A0EC951-E632-45D2-8EED-11A41E99FA0B}
		{F211010A-038A-43A5-8FF4-C465AEFDF230} = {0A0EC951-E632-45D2-8EED-11A41E99FA0B}
		{7786731C-5441-4F9F-9E30-99D0BDCF1050} = {0A0EC951-E632-45D2-8EED-11A41E99FA0B}
		{EE25E69A-AC60-48AD-916E-0E40D2CC1633} = {0A0EC951-E632-45D2-8EED-11A41E99FA0B}
		{85956929-C0D9-427E-8C36-ABCD032AD089} = {0A0EC951-E632-45D2-8EED-11A41E99FA0B}
		{65F0F03A-6B94-48DB-AE88-26C3F8468212} = {85956929-C0D9-427E-8C36-ABCD032AD089}
		{5A091D4E-9A92-4C9C-861B-AAE518313251} = {85956929-C0D9-427E-8C36-ABCD032AD089}
		{5F01A0A1-1E1E-4A1A-A6FE-A3E3FB03413C} = {0A0EC951-E632-45D2-8EED-11A41E99FA0B}
		{087EB0A6-E9FD-4CCC-B67A-14E4CBEFA27D} = {0A0EC951-E632-45D2-8EED-11A41E99FA0B}
		{FFE86B0B-A5DF-4A6B-953B-FA4D94FAFBC8} = {0A0EC951-E632-45D2-8EED-11A41E99FA0B}
		{0158F94A-6750-418A-8FB1-A90C24F69C2F} = {0A0EC951-E632-45D2-8EED-11A41E99FA0B}
	EndGlobalSection
	GlobalSection(ExtensibilityGlobals) = postSolution
		SolutionGuid = {3F91A275-4EF7-4DC8-81D9-9F2716B8D7F8}
	EndGlobalSection
EndGlobal
